<?xml version="1.0" encoding="utf-8"?>
<Project ToolsVersion="4.0" xmlns="http://schemas.microsoft.com/developer/msbuild/2003">
  <ItemGroup>
    <ClCompile Include="SpaceInvadersTest.cpp" />
    <ClCompile Include="InstructionSetTest.cpp" />
    <ClCompile Include="superzazu-8080\i8080.c">
      <Filter>superzazu-8080</Filter>
    </ClCompile>
  </ItemGroup>
  <ItemGroup>
    <Filter Include="superzazu-8080">
      <UniqueIdentifier>{d1b63f84-e8bd-4004-a10a-d3388cb5648b}</UniqueIdentifier>
    </Filter>
  </ItemGroup>
  <ItemGroup>
    <ClInclude Include="SpaceInvadersTest.h" />
    <ClInclude Include="InstructionSetTest.h" />
    <ClInclude Include="superzazu-8080\i8080.h">
      <Filter>superzazu-8080</Filter>
    </ClInclude>
  </ItemGroup>
  <ItemGroup>
    <None Include="packages.config" />
  </ItemGroup>
</Project>