
Microsoft Visual Studio Solution File, Format Version 12.00
# Visual Studio Version 16
VisualStudioVersion = 16.0.31105.61
MinimumVisualStudioVersion = 10.0.40219.1
Project("{8BC9CEB8-8B4A-11D0-8D11-00A0C91BC942}") = "NewAwesome8080Emulator", "NewAwesome8080Emulator\NewAwesome8080Emulator.vcxproj", "{80DA3B96-8D45-4060-B254-FE34EC90BAD4}"
EndProject
Project("{8BC9CEB8-8B4A-11D0-8D11-00A0C91BC942}") = "NewAwesome8080Emulator.Test", "NewAwesome8080Emulator.Test\NewAwesome8080Emulator.Test.vcxproj", "{5E0EAB60-E8D8-44DC-BE71-CAF2F3EB4120}"
EndProject
Project("{8BC9CEB8-8B4A-11D0-8D11-00A0C91BC942}") = "NewAwesome8080Emulator.CPUDIAG", "NewAwesome8080Emulator.CPUDIAG\NewAwesome8080Emulator.CPUDIAG.vcxproj", "{9861F656-68BB-4513-916B-C41E985EC2DE}"
EndProject
Project("{8BC9CEB8-8B4A-11D0-8D11-00A0C91BC942}") = "NewAwesome8080Emulator.SpaceInvaders", "NewAwesome8080Emulator.SpaceInvaders\NewAwesome8080Emulator.SpaceInvaders.vcxproj", "{E28AA50B-2F01-4FC2-90DA-7A80D489FE02}"
EndProject
Global
	GlobalSection(SolutionConfigurationPlatforms) = preSolution
		Debug|x64 = Debug|x64
		Debug|x86 = Debug|x86
		Release|x64 = Release|x64
		Release|x86 = Release|x86
	EndGlobalSection
	GlobalSection(ProjectConfigurationPlatforms) = postSolution
		{80DA3B96-8D45-4060-B254-FE34EC90BAD4}.Debug|x64.ActiveCfg = Debug|x64
		{80DA3B96-8D45-4060-B254-FE34EC90BAD4}.Debug|x64.Build.0 = Debug|x64
		{80DA3B96-8D45-4060-B254-FE34EC90BAD4}.Debug|x86.ActiveCfg = Debug|Win32
		{80DA3B96-8D45-4060-B254-FE34EC90BAD4}.Debug|x86.Build.0 = Debug|Win32
		{80DA3B96-8D45-4060-B254-FE34EC90BAD4}.Release|x64.ActiveCfg = Release|x64
		{80DA3B96-8D45-4060-B254-FE34EC90BAD4}.Release|x64.Build.0 = Release|x64
		{80DA3B96-8D45-4060-B254-FE34EC90BAD4}.Release|x86.ActiveCfg = Release|Win32
		{80DA3B96-8D45-4060-B254-FE34EC90BAD4}.Release|x86.Build.0 = Release|Win32
		{5E0EAB60-E8D8-44DC-BE71-CAF2F3EB4120}.Debug|x64.ActiveCfg = Debug|x64
		{5E0EAB60-E8D8-44DC-BE71-CAF2F3EB4120}.Debug|x64.Build.0 = Debug|x64
		{5E0EAB60-E8D8-44DC-BE71-CAF2F3EB4120}.Debug|x86.ActiveCfg = Debug|Win32
		{5E0EAB60-E8D8-44DC-BE71-CAF2F3EB4120}.Debug|x86.Build.0 = Debug|Win32
		{5E0EAB60-E8D8-44DC-BE71-CAF2F3EB4120}.Release|x64.ActiveCfg = Release|x64
		{5E0EAB60-E8D8-44DC-BE71-CAF2F3EB4120}.Release|x64.Build.0 = Release|x64
		{5E0EAB60-E8D8-44DC-BE71-CAF2F3EB4120}.Release|x86.ActiveCfg = Release|Win32
		{5E0EAB60-E8D8-44DC-BE71-CAF2F3EB4120}.Release|x86.Build.0 = Release|Win32
		{9861F656-68BB-4513-916B-C41E985EC2DE}.Debug|x64.ActiveCfg = Debug|x64
		{9861F656-68BB-4513-916B-C41E985EC2DE}.Debug|x64.Build.0 = Debug|x64
		{9861F656-68BB-4513-916B-C41E985EC2DE}.Debug|x86.ActiveCfg = Debug|Win32
		{9861F656-68BB-4513-916B-C41E985EC2DE}.Debug|x86.Build.0 = Debug|Win32
		{9861F656-68BB-4513-916B-C41E985EC2DE}.Release|x64.ActiveCfg = Release|x64
		{9861F656-68BB-4513-916B-C41E985EC2DE}.Release|x64.Build.0 = Release|x64
		{9861F656-68BB-4513-916B-C41E985EC2DE}.Release|x86.ActiveCfg = Release|Win32
		{9861F656-68BB-4513-916B-C41E985EC2DE}.Release|x86.Build.0 = Release|Win32
		{E28AA50B-2F01-4FC2-90DA-7A80D489FE02}.Debug|x64.ActiveCfg = Debug|x64
		{E28AA50B-2F01-4FC2-90DA-7A80D489FE02}.Debug|x64.Build.0 = Debug|x64
		{E28AA50B-2F01-4FC2-90DA-7A80D489FE02}.Debug|x86.ActiveCfg = Debug|Win32
		{E28AA50B-2F01-4FC2-90DA-7A80D489FE02}.Debug|x86.Build.0 = Debug|Win32
		{E28AA50B-2F01-4FC2-90DA-7A80D489FE02}.Release|x64.ActiveCfg = Release|x64
		{E28AA50B-2F01-4FC2-90DA-7A80D489FE02}.Release|x64.Build.0 = Release|x64
		{E28AA50B-2F01-4FC2-90DA-7A80D489FE02}.Release|x86.ActiveCfg = Release|Win32
		{E28AA50B-2F01-4FC2-90DA-7A80D489FE02}.Release|x86.Build.0 = Release|Win32
	EndGlobalSection
	GlobalSection(SolutionProperties) = preSolution
		HideSolutionNode = FALSE
	EndGlobalSection
	GlobalSection(ExtensibilityGlobals) = postSolution
		SolutionGuid = {E4DF564E-F103-4CE0-A4A5-F7A9D058BD97}
	EndGlobalSection
EndGlobal
